
Microsoft Visual Studio Solution File, Format Version 12.00
# Visual Studio Version 17
VisualStudioVersion = 17.6.33815.320
MinimumVisualStudioVersion = 10.0.40219.1
Project("{FAE04EC0-301F-11D3-BF4B-00C04F79EFBC}") = "CoresAPI", "CoresAPI\CoresAPI.csproj", "{DD2B6748-4BAC-49F7-B0BF-1F0AC8C90DF8}"
EndProject
Global
	GlobalSection(SolutionConfigurationPlatforms) = preSolution
		Debug|Any CPU = Debug|Any CPU
		Release|Any CPU = Release|Any CPU
	EndGlobalSection
	GlobalSection(ProjectConfigurationPlatforms) = postSolution
		{DD2B6748-4BAC-49F7-B0BF-1F0AC8C90DF8}.Debug|Any CPU.ActiveCfg = Debug|Any CPU
		{DD2B6748-4BAC-49F7-B0BF-1F0AC8C90DF8}.Debug|Any CPU.Build.0 = Debug|Any CPU
		{DD2B6748-4BAC-49F7-B0BF-1F0AC8C90DF8}.Release|Any CPU.ActiveCfg = Release|Any CPU
		{DD2B6748-4BAC-49F7-B0BF-1F0AC8C90DF8}.Release|Any CPU.Build.0 = Release|Any CPU
	EndGlobalSection
	GlobalSection(SolutionProperties) = preSolution
		HideSolutionNode = FALSE
	EndGlobalSection
	GlobalSection(ExtensibilityGlobals) = postSolution
		SolutionGuid = {18765650-7652-4D05-A9A8-1E7CA9E9C203}
	EndGlobalSection
EndGlobal
